
Microsoft Visual Studio Solution File, Format Version 12.00
# Visual Studio Version 17
VisualStudioVersion = 17.12.35527.113 d17.12
MinimumVisualStudioVersion = 10.0.40219.1
Project("{FAE04EC0-301F-11D3-BF4B-00C04F79EFBC}") = "API_Project_PL", "API_Project\API_Project_PL.csproj", "{19E545E9-86D1-4A2E-9A75-1BE55E543362}"
EndProject
Project("{FAE04EC0-301F-11D3-BF4B-00C04F79EFBC}") = "API_Project_DAL", "API_Project_DAL\API_Project_DAL.csproj", "{14DA556A-BE41-42F6-AFAF-53DACA33DE00}"
EndProject
Project("{FAE04EC0-301F-11D3-BF4B-00C04F79EFBC}") = "API_Project_BL", "API_Project_BL\API_Project_BL.csproj", "{F453FB1C-495B-41CB-98EC-5E9E58E5B0B5}"
EndProject
Global
	GlobalSection(SolutionConfigurationPlatforms) = preSolution
		Debug|Any CPU = Debug|Any CPU
		Release|Any CPU = Release|Any CPU
	EndGlobalSection
	GlobalSection(ProjectConfigurationPlatforms) = postSolution
		{19E545E9-86D1-4A2E-9A75-1BE55E543362}.Debug|Any CPU.ActiveCfg = Debug|Any CPU
		{19E545E9-86D1-4A2E-9A75-1BE55E543362}.Debug|Any CPU.Build.0 = Debug|Any CPU
		{19E545E9-86D1-4A2E-9A75-1BE55E543362}.Release|Any CPU.ActiveCfg = Release|Any CPU
		{19E545E9-86D1-4A2E-9A75-1BE55E543362}.Release|Any CPU.Build.0 = Release|Any CPU
		{14DA556A-BE41-42F6-AFAF-53DACA33DE00}.Debug|Any CPU.ActiveCfg = Debug|Any CPU
		{14DA556A-BE41-42F6-AFAF-53DACA33DE00}.Debug|Any CPU.Build.0 = Debug|Any CPU
		{14DA556A-BE41-42F6-AFAF-53DACA33DE00}.Release|Any CPU.ActiveCfg = Release|Any CPU
		{14DA556A-BE41-42F6-AFAF-53DACA33DE00}.Release|Any CPU.Build.0 = Release|Any CPU
		{F453FB1C-495B-41CB-98EC-5E9E58E5B0B5}.Debug|Any CPU.ActiveCfg = Debug|Any CPU
		{F453FB1C-495B-41CB-98EC-5E9E58E5B0B5}.Debug|Any CPU.Build.0 = Debug|Any CPU
		{F453FB1C-495B-41CB-98EC-5E9E58E5B0B5}.Release|Any CPU.ActiveCfg = Release|Any CPU
		{F453FB1C-495B-41CB-98EC-5E9E58E5B0B5}.Release|Any CPU.Build.0 = Release|Any CPU
	EndGlobalSection
	GlobalSection(SolutionProperties) = preSolution
		HideSolutionNode = FALSE
	EndGlobalSection
EndGlobal
